
Microsoft Visual Studio Solution File, Format Version 12.00
Project("{2150E333-8FDC-42A3-9474-1A3956D46DE8}") = "API", "API", "{7568893E-6FF1-4A74-8C9D-D720A1F02648}"
EndProject
Project("{2150E333-8FDC-42A3-9474-1A3956D46DE8}") = "Core", "Core", "{1801F8F8-771F-441D-AFDE-2E82C2368A3E}"
EndProject
Project("{2150E333-8FDC-42A3-9474-1A3956D46DE8}") = "Infrastructure", "Infrastructure", "{3AC78DAF-3AB5-4779-BD26-D462A1F21E26}"
EndProject
Project("{2150E333-8FDC-42A3-9474-1A3956D46DE8}") = "Shared", "Shared", "{C8AFD0A1-C668-4925-9D12-3446ECDC31ED}"
EndProject
Project("{2150E333-8FDC-42A3-9474-1A3956D46DE8}") = "Test", "Test", "{CAE3E572-0BD0-4230-98A6-DECB7AA717CE}"
EndProject
Project("{FAE04EC0-301F-11D3-BF4B-00C04F79EFBC}") = "RealEstate.Application", "RealEstate.Application\RealEstate.Application.csproj", "{DFFF5F81-B114-436E-80C9-88833EDCD77D}"
EndProject
Project("{FAE04EC0-301F-11D3-BF4B-00C04F79EFBC}") = "RealEstate.Domain", "RealEstate.Domain\RealEstate.Domain.csproj", "{81898482-A2B2-4BEC-9A6C-9D0E0452F22A}"
EndProject
Project("{FAE04EC0-301F-11D3-BF4B-00C04F79EFBC}") = "RealEstate.Infrastructure", "RealEstate.Infrastructure\RealEstate.Infrastructure.csproj", "{E8D6CBBF-9E0B-4568-9AFB-74AABC830CC1}"
EndProject
Project("{FAE04EC0-301F-11D3-BF4B-00C04F79EFBC}") = "RealEstate.Shared", "RealEstate.Shared\RealEstate.Shared.csproj", "{A3A40B17-586B-4385-B212-191E8397074B}"
EndProject
Project("{FAE04EC0-301F-11D3-BF4B-00C04F79EFBC}") = "RealEstate.Test", "RealEstate.Test\RealEstate.Test.csproj", "{550FDBF6-8EE5-4A65-A4EE-E34A4D8A226F}"
EndProject
Project("{FAE04EC0-301F-11D3-BF4B-00C04F79EFBC}") = "RealEstate.Api", "RealEstate.Api\RealEstate.Api.csproj", "{C63385BC-C7D6-488E-B501-CBDC84AD0008}"
EndProject
Global
	GlobalSection(SolutionConfigurationPlatforms) = preSolution
		Debug|Any CPU = Debug|Any CPU
		Release|Any CPU = Release|Any CPU
	EndGlobalSection
	GlobalSection(ProjectConfigurationPlatforms) = postSolution
		{DFFF5F81-B114-436E-80C9-88833EDCD77D}.Debug|Any CPU.ActiveCfg = Debug|Any CPU
		{DFFF5F81-B114-436E-80C9-88833EDCD77D}.Debug|Any CPU.Build.0 = Debug|Any CPU
		{DFFF5F81-B114-436E-80C9-88833EDCD77D}.Release|Any CPU.ActiveCfg = Release|Any CPU
		{DFFF5F81-B114-436E-80C9-88833EDCD77D}.Release|Any CPU.Build.0 = Release|Any CPU
		{81898482-A2B2-4BEC-9A6C-9D0E0452F22A}.Debug|Any CPU.ActiveCfg = Debug|Any CPU
		{81898482-A2B2-4BEC-9A6C-9D0E0452F22A}.Debug|Any CPU.Build.0 = Debug|Any CPU
		{81898482-A2B2-4BEC-9A6C-9D0E0452F22A}.Release|Any CPU.ActiveCfg = Release|Any CPU
		{81898482-A2B2-4BEC-9A6C-9D0E0452F22A}.Release|Any CPU.Build.0 = Release|Any CPU
		{E8D6CBBF-9E0B-4568-9AFB-74AABC830CC1}.Debug|Any CPU.ActiveCfg = Debug|Any CPU
		{E8D6CBBF-9E0B-4568-9AFB-74AABC830CC1}.Debug|Any CPU.Build.0 = Debug|Any CPU
		{E8D6CBBF-9E0B-4568-9AFB-74AABC830CC1}.Release|Any CPU.ActiveCfg = Release|Any CPU
		{E8D6CBBF-9E0B-4568-9AFB-74AABC830CC1}.Release|Any CPU.Build.0 = Release|Any CPU
		{A3A40B17-586B-4385-B212-191E8397074B}.Debug|Any CPU.ActiveCfg = Debug|Any CPU
		{A3A40B17-586B-4385-B212-191E8397074B}.Debug|Any CPU.Build.0 = Debug|Any CPU
		{A3A40B17-586B-4385-B212-191E8397074B}.Release|Any CPU.ActiveCfg = Release|Any CPU
		{A3A40B17-586B-4385-B212-191E8397074B}.Release|Any CPU.Build.0 = Release|Any CPU
		{550FDBF6-8EE5-4A65-A4EE-E34A4D8A226F}.Debug|Any CPU.ActiveCfg = Debug|Any CPU
		{550FDBF6-8EE5-4A65-A4EE-E34A4D8A226F}.Debug|Any CPU.Build.0 = Debug|Any CPU
		{550FDBF6-8EE5-4A65-A4EE-E34A4D8A226F}.Release|Any CPU.ActiveCfg = Release|Any CPU
		{550FDBF6-8EE5-4A65-A4EE-E34A4D8A226F}.Release|Any CPU.Build.0 = Release|Any CPU
		{C63385BC-C7D6-488E-B501-CBDC84AD0008}.Debug|Any CPU.ActiveCfg = Debug|Any CPU
		{C63385BC-C7D6-488E-B501-CBDC84AD0008}.Debug|Any CPU.Build.0 = Debug|Any CPU
		{C63385BC-C7D6-488E-B501-CBDC84AD0008}.Release|Any CPU.ActiveCfg = Release|Any CPU
		{C63385BC-C7D6-488E-B501-CBDC84AD0008}.Release|Any CPU.Build.0 = Release|Any CPU
	EndGlobalSection
	GlobalSection(NestedProjects) = preSolution
		{81898482-A2B2-4BEC-9A6C-9D0E0452F22A} = {1801F8F8-771F-441D-AFDE-2E82C2368A3E}
		{E8D6CBBF-9E0B-4568-9AFB-74AABC830CC1} = {3AC78DAF-3AB5-4779-BD26-D462A1F21E26}
		{A3A40B17-586B-4385-B212-191E8397074B} = {C8AFD0A1-C668-4925-9D12-3446ECDC31ED}
		{550FDBF6-8EE5-4A65-A4EE-E34A4D8A226F} = {CAE3E572-0BD0-4230-98A6-DECB7AA717CE}
		{C63385BC-C7D6-488E-B501-CBDC84AD0008} = {7568893E-6FF1-4A74-8C9D-D720A1F02648}
		{DFFF5F81-B114-436E-80C9-88833EDCD77D} = {1801F8F8-771F-441D-AFDE-2E82C2368A3E}
	EndGlobalSection
EndGlobal
